
Microsoft Visual Studio Solution File, Format Version 11.00
# Visual Studio 2010
Project("{FAE04EC0-301F-11D3-BF4B-00C04F79EFBC}") = "Assembly-CSharp", "Assembly-CSharp.csproj", "{456745e1-92ed-b64e-8905-e64dc1e47277}"
EndProject
Project("{FAE04EC0-301F-11D3-BF4B-00C04F79EFBC}") = "IngameDebugConsole.Runtime", "IngameDebugConsole.Runtime.csproj", "{56e51cda-65b5-f62e-428f-443bc0fbe616}"
EndProject
Project("{FAE04EC0-301F-11D3-BF4B-00C04F79EFBC}") = "Assembly-CSharp-Editor", "Assembly-CSharp-Editor.csproj", "{4b57af9d-71e3-f5db-a886-e16b0b0f1c47}"
EndProject
Project("{FAE04EC0-301F-11D3-BF4B-00C04F79EFBC}") = "IngameDebugConsole.Editor", "IngameDebugConsole.Editor.csproj", "{442ce313-4e2a-c77f-b35b-7598f5ad28a1}"
EndProject
Global
	GlobalSection(SolutionConfigurationPlatforms) = preSolution
		Debug|Any CPU = Debug|Any CPU
		Release|Any CPU = Release|Any CPU
	EndGlobalSection
	GlobalSection(ProjectConfigurationPlatforms) = postSolution
		{456745e1-92ed-b64e-8905-e64dc1e47277}.Debug|Any CPU.ActiveCfg = Debug|Any CPU
		{456745e1-92ed-b64e-8905-e64dc1e47277}.Debug|Any CPU.Build.0 = Debug|Any CPU
		{456745e1-92ed-b64e-8905-e64dc1e47277}.Release|Any CPU.ActiveCfg = Release|Any CPU
		{456745e1-92ed-b64e-8905-e64dc1e47277}.Release|Any CPU.Build.0 = Release|Any CPU
		{56e51cda-65b5-f62e-428f-443bc0fbe616}.Debug|Any CPU.ActiveCfg = Debug|Any CPU
		{56e51cda-65b5-f62e-428f-443bc0fbe616}.Debug|Any CPU.Build.0 = Debug|Any CPU
		{56e51cda-65b5-f62e-428f-443bc0fbe616}.Release|Any CPU.ActiveCfg = Release|Any CPU
		{56e51cda-65b5-f62e-428f-443bc0fbe616}.Release|Any CPU.Build.0 = Release|Any CPU
		{4b57af9d-71e3-f5db-a886-e16b0b0f1c47}.Debug|Any CPU.ActiveCfg = Debug|Any CPU
		{4b57af9d-71e3-f5db-a886-e16b0b0f1c47}.Debug|Any CPU.Build.0 = Debug|Any CPU
		{4b57af9d-71e3-f5db-a886-e16b0b0f1c47}.Release|Any CPU.ActiveCfg = Release|Any CPU
		{4b57af9d-71e3-f5db-a886-e16b0b0f1c47}.Release|Any CPU.Build.0 = Release|Any CPU
		{442ce313-4e2a-c77f-b35b-7598f5ad28a1}.Debug|Any CPU.ActiveCfg = Debug|Any CPU
		{442ce313-4e2a-c77f-b35b-7598f5ad28a1}.Debug|Any CPU.Build.0 = Debug|Any CPU
		{442ce313-4e2a-c77f-b35b-7598f5ad28a1}.Release|Any CPU.ActiveCfg = Release|Any CPU
		{442ce313-4e2a-c77f-b35b-7598f5ad28a1}.Release|Any CPU.Build.0 = Release|Any CPU
	EndGlobalSection
	GlobalSection(SolutionProperties) = preSolution
		HideSolutionNode = FALSE
	EndGlobalSection
EndGlobal
